
Microsoft Visual Studio Solution File, Format Version 12.00
# Visual Studio 15
VisualStudioVersion = 15.0.26403.7
MinimumVisualStudioVersion = 10.0.40219.1
Project("{FAE04EC0-301F-11D3-BF4B-00C04F79EFBC}") = "SQLitedllVM", "SQLitedllVM\SQLitedllVM.csproj", "{E40EB810-B68D-4AD5-BCA5-C0378195BC2D}"
EndProject
Project("{FAE04EC0-301F-11D3-BF4B-00C04F79EFBC}") = "TestRunSQLiteVM", "TestRunSQLiteVM\TestRunSQLiteVM.csproj", "{41B7DD13-0E1E-4A06-8B08-EFD99C201C06}"
EndProject
Global
	GlobalSection(SolutionConfigurationPlatforms) = preSolution
		Debug|Any CPU = Debug|Any CPU
		Release|Any CPU = Release|Any CPU
	EndGlobalSection
	GlobalSection(ProjectConfigurationPlatforms) = postSolution
		{E40EB810-B68D-4AD5-BCA5-C0378195BC2D}.Debug|Any CPU.ActiveCfg = Debug|Any CPU
		{E40EB810-B68D-4AD5-BCA5-C0378195BC2D}.Debug|Any CPU.Build.0 = Debug|Any CPU
		{E40EB810-B68D-4AD5-BCA5-C0378195BC2D}.Release|Any CPU.ActiveCfg = Release|Any CPU
		{E40EB810-B68D-4AD5-BCA5-C0378195BC2D}.Release|Any CPU.Build.0 = Release|Any CPU
		{41B7DD13-0E1E-4A06-8B08-EFD99C201C06}.Debug|Any CPU.ActiveCfg = Debug|Any CPU
		{41B7DD13-0E1E-4A06-8B08-EFD99C201C06}.Debug|Any CPU.Build.0 = Debug|Any CPU
		{41B7DD13-0E1E-4A06-8B08-EFD99C201C06}.Release|Any CPU.ActiveCfg = Release|Any CPU
		{41B7DD13-0E1E-4A06-8B08-EFD99C201C06}.Release|Any CPU.Build.0 = Release|Any CPU
	EndGlobalSection
	GlobalSection(SolutionProperties) = preSolution
		HideSolutionNode = FALSE
	EndGlobalSection
EndGlobal
